
Microsoft Visual Studio Solution File, Format Version 12.00
# Visual Studio Version 16
VisualStudioVersion = 16.0.31321.278
MinimumVisualStudioVersion = 10.0.40219.1
Project("{8BC9CEB8-8B4A-11D0-8D11-00A0C91BC942}") = "CS300_hoseobjeong", "CS300_hoseobjeong\CS300_hoseobjeong.vcxproj", "{14951198-5856-4CC8-B9B0-997D10C021E5}"
	ProjectSection(ProjectDependencies) = postProject
		{BDD04151-0105-489B-9218-39CF4A248112} = {BDD04151-0105-489B-9218-39CF4A248112}
	EndProjectSection
EndProject
Project("{8BC9CEB8-8B4A-11D0-8D11-00A0C91BC942}") = "HS_Engine", "HS_Engine\HS_Engine.vcxproj", "{BDD04151-0105-489B-9218-39CF4A248112}"
EndProject
Global
	GlobalSection(SolutionConfigurationPlatforms) = preSolution
		Debug|x64 = Debug|x64
		Release|x64 = Release|x64
	EndGlobalSection
	GlobalSection(ProjectConfigurationPlatforms) = postSolution
		{14951198-5856-4CC8-B9B0-997D10C021E5}.Debug|x64.ActiveCfg = Debug|x64
		{14951198-5856-4CC8-B9B0-997D10C021E5}.Debug|x64.Build.0 = Debug|x64
		{14951198-5856-4CC8-B9B0-997D10C021E5}.Release|x64.ActiveCfg = Release|x64
		{14951198-5856-4CC8-B9B0-997D10C021E5}.Release|x64.Build.0 = Release|x64
		{BDD04151-0105-489B-9218-39CF4A248112}.Debug|x64.ActiveCfg = Debug|x64
		{BDD04151-0105-489B-9218-39CF4A248112}.Debug|x64.Build.0 = Debug|x64
		{BDD04151-0105-489B-9218-39CF4A248112}.Release|x64.ActiveCfg = Release|x64
		{BDD04151-0105-489B-9218-39CF4A248112}.Release|x64.Build.0 = Release|x64
	EndGlobalSection
	GlobalSection(SolutionProperties) = preSolution
		HideSolutionNode = FALSE
	EndGlobalSection
	GlobalSection(ExtensibilityGlobals) = postSolution
		SolutionGuid = {EE09EED4-C5AA-4D3D-8EE9-CAF8D73F8E75}
	EndGlobalSection
EndGlobal
